
Microsoft Visual Studio Solution File, Format Version 12.00
# Visual Studio Version 17
VisualStudioVersion = 17.6.33723.286
MinimumVisualStudioVersion = 10.0.40219.1
Project("{FAE04EC0-301F-11D3-BF4B-00C04F79EFBC}") = "arrays", "arrays.csproj", "{EE0821A0-EACB-43CA-A76F-7E4A3F77AB96}"
EndProject
Global
	GlobalSection(SolutionConfigurationPlatforms) = preSolution
		Debug|Any CPU = Debug|Any CPU
		Release|Any CPU = Release|Any CPU
	EndGlobalSection
	GlobalSection(ProjectConfigurationPlatforms) = postSolution
		{EE0821A0-EACB-43CA-A76F-7E4A3F77AB96}.Debug|Any CPU.ActiveCfg = Debug|Any CPU
		{EE0821A0-EACB-43CA-A76F-7E4A3F77AB96}.Debug|Any CPU.Build.0 = Debug|Any CPU
		{EE0821A0-EACB-43CA-A76F-7E4A3F77AB96}.Release|Any CPU.ActiveCfg = Release|Any CPU
		{EE0821A0-EACB-43CA-A76F-7E4A3F77AB96}.Release|Any CPU.Build.0 = Release|Any CPU
	EndGlobalSection
	GlobalSection(SolutionProperties) = preSolution
		HideSolutionNode = FALSE
	EndGlobalSection
	GlobalSection(ExtensibilityGlobals) = postSolution
		SolutionGuid = {0CDA3098-FDC1-4CB3-9017-23C9DAE607EC}
	EndGlobalSection
EndGlobal
